
Microsoft Visual Studio Solution File, Format Version 12.00
# Visual Studio Version 17
VisualStudioVersion = 17.6.33829.357
MinimumVisualStudioVersion = 10.0.40219.1
Project("{FAE04EC0-301F-11D3-BF4B-00C04F79EFBC}") = "SuperStore_WebSite", "SuperStore_WebSite\SuperStore_WebSite.csproj", "{1459B856-9123-4B61-BCC9-C61D6F4CB588}"
EndProject
Global
	GlobalSection(SolutionConfigurationPlatforms) = preSolution
		Debug|Any CPU = Debug|Any CPU
		Release|Any CPU = Release|Any CPU
	EndGlobalSection
	GlobalSection(ProjectConfigurationPlatforms) = postSolution
		{1459B856-9123-4B61-BCC9-C61D6F4CB588}.Debug|Any CPU.ActiveCfg = Debug|Any CPU
		{1459B856-9123-4B61-BCC9-C61D6F4CB588}.Debug|Any CPU.Build.0 = Debug|Any CPU
		{1459B856-9123-4B61-BCC9-C61D6F4CB588}.Release|Any CPU.ActiveCfg = Release|Any CPU
		{1459B856-9123-4B61-BCC9-C61D6F4CB588}.Release|Any CPU.Build.0 = Release|Any CPU
	EndGlobalSection
	GlobalSection(SolutionProperties) = preSolution
		HideSolutionNode = FALSE
	EndGlobalSection
	GlobalSection(ExtensibilityGlobals) = postSolution
		SolutionGuid = {3D2E49D7-6C3A-4325-AF40-63FBD814D6B6}
	EndGlobalSection
EndGlobal
